
Microsoft Visual Studio Solution File, Format Version 12.00
# Visual Studio Version 16
VisualStudioVersion = 16.0.31410.357
MinimumVisualStudioVersion = 10.0.40219.1
Project("{FAE04EC0-301F-11D3-BF4B-00C04F79EFBC}") = "GitDemoTaajPoojan", "GitDemoTaajPoojan\GitDemoTaajPoojan.csproj", "{0A51E486-D510-4648-A195-3D2540F39608}"
EndProject
Global
	GlobalSection(SolutionConfigurationPlatforms) = preSolution
		Debug|Any CPU = Debug|Any CPU
		Release|Any CPU = Release|Any CPU
	EndGlobalSection
	GlobalSection(ProjectConfigurationPlatforms) = postSolution
		{0A51E486-D510-4648-A195-3D2540F39608}.Debug|Any CPU.ActiveCfg = Debug|Any CPU
		{0A51E486-D510-4648-A195-3D2540F39608}.Debug|Any CPU.Build.0 = Debug|Any CPU
		{0A51E486-D510-4648-A195-3D2540F39608}.Release|Any CPU.ActiveCfg = Release|Any CPU
		{0A51E486-D510-4648-A195-3D2540F39608}.Release|Any CPU.Build.0 = Release|Any CPU
	EndGlobalSection
	GlobalSection(SolutionProperties) = preSolution
		HideSolutionNode = FALSE
	EndGlobalSection
	GlobalSection(ExtensibilityGlobals) = postSolution
		SolutionGuid = {6A532115-6447-4F80-AB67-17070286EF90}
	EndGlobalSection
EndGlobal
